// !$*UTF8*$!
{
	archiveVersion = 1;
	classes = {
	};
	objectVersion = 46;
	objects = {

/* Begin PBXBuildFile section */
		1526327F1E74A17E00186369 /* SellingPostController.swift in Sources */ = {isa = PBXBuildFile; fileRef = 1526327E1E74A17E00186369 /* SellingPostController.swift */; };
		153062E61E732196001E23DF /* GoogleService-Info.plist in Resources */ = {isa = PBXBuildFile; fileRef = 153062E51E732196001E23DF /* GoogleService-Info.plist */; };
		1555EBB41E8A242E001D1C8D /* SellingPostTableController.swift in Sources */ = {isa = PBXBuildFile; fileRef = 1555EBB31E8A242E001D1C8D /* SellingPostTableController.swift */; };
		1555EBB61E8A26CA001D1C8D /* Item.swift in Sources */ = {isa = PBXBuildFile; fileRef = 1555EBB51E8A26CA001D1C8D /* Item.swift */; };
		15A9A96E1E80EFA9006DE688 /* NewItemController.swift in Sources */ = {isa = PBXBuildFile; fileRef = 15A9A96D1E80EFA9006DE688 /* NewItemController.swift */; };
		B924D85F1E98945E008BF92A /* UserRatingController.swift in Sources */ = {isa = PBXBuildFile; fileRef = B924D85E1E98945E008BF92A /* UserRatingController.swift */; };
		B9311DB41E85155300E97547 /* splashScreen.swift in Sources */ = {isa = PBXBuildFile; fileRef = B9311DAF1E85155300E97547 /* splashScreen.swift */; };
		B9311DB51E85155300E97547 /* ChatLogController.swift in Sources */ = {isa = PBXBuildFile; fileRef = B9311DB01E85155300E97547 /* ChatLogController.swift */; };
		B9311DB61E85155300E97547 /* ChatMessageCell.swift in Sources */ = {isa = PBXBuildFile; fileRef = B9311DB11E85155300E97547 /* ChatMessageCell.swift */; };
		B9311DB71E85155300E97547 /* UserCell.swift in Sources */ = {isa = PBXBuildFile; fileRef = B9311DB21E85155300E97547 /* UserCell.swift */; };
		B9311DB81E85155300E97547 /* Message.swift in Sources */ = {isa = PBXBuildFile; fileRef = B9311DB31E85155300E97547 /* Message.swift */; };
		B96385671E56E0DF0081EB69 /* AppDelegate.swift in Sources */ = {isa = PBXBuildFile; fileRef = B96385661E56E0DF0081EB69 /* AppDelegate.swift */; };
		B963856E1E56E0DF0081EB69 /* Main.storyboard in Resources */ = {isa = PBXBuildFile; fileRef = B963856C1E56E0DF0081EB69 /* Main.storyboard */; };
		B96385701E56E0DF0081EB69 /* Assets.xcassets in Resources */ = {isa = PBXBuildFile; fileRef = B963856F1E56E0DF0081EB69 /* Assets.xcassets */; };
		B96385731E56E0DF0081EB69 /* LaunchScreen.storyboard in Resources */ = {isa = PBXBuildFile; fileRef = B96385711E56E0DF0081EB69 /* LaunchScreen.storyboard */; };
		B963857E1E56E0E00081EB69 /* KetchTests.swift in Sources */ = {isa = PBXBuildFile; fileRef = B963857D1E56E0E00081EB69 /* KetchTests.swift */; };
		B96385891E56E0E00081EB69 /* KetchUITests.swift in Sources */ = {isa = PBXBuildFile; fileRef = B96385881E56E0E00081EB69 /* KetchUITests.swift */; };
		B988BCA21E6412FE0069CF69 /* LoginScreen.swift in Sources */ = {isa = PBXBuildFile; fileRef = B988BCA11E6412FE0069CF69 /* LoginScreen.swift */; };
		B988BCA81E6417A70069CF69 /* Bolts.framework in Frameworks */ = {isa = PBXBuildFile; fileRef = B988BCA41E6417A70069CF69 /* Bolts.framework */; };
		B988BCA91E6417A70069CF69 /* FBSDKCoreKit.framework in Frameworks */ = {isa = PBXBuildFile; fileRef = B988BCA51E6417A70069CF69 /* FBSDKCoreKit.framework */; };
		B988BCAA1E6417A70069CF69 /* FBSDKLoginKit.framework in Frameworks */ = {isa = PBXBuildFile; fileRef = B988BCA61E6417A70069CF69 /* FBSDKLoginKit.framework */; };
		B988BCAB1E6417A70069CF69 /* FBSDKShareKit.framework in Frameworks */ = {isa = PBXBuildFile; fileRef = B988BCA71E6417A70069CF69 /* FBSDKShareKit.framework */; };
		B98970DD1E9C694000EDDD23 /* Items.swift in Sources */ = {isa = PBXBuildFile; fileRef = B98970DC1E9C694000EDDD23 /* Items.swift */; };
		B98970DF1E9C6B0800EDDD23 /* ItemCell.swift in Sources */ = {isa = PBXBuildFile; fileRef = B98970DE1E9C6B0800EDDD23 /* ItemCell.swift */; };
		B9B399181E57AFA00037AA62 /* CollectionViewCell.swift in Sources */ = {isa = PBXBuildFile; fileRef = B9B399171E57AFA00037AA62 /* CollectionViewCell.swift */; };
		B9B3991A1E57AFB10037AA62 /* IndividualItemViewController.swift in Sources */ = {isa = PBXBuildFile; fileRef = B9B399191E57AFB10037AA62 /* IndividualItemViewController.swift */; };
		B9B909191E69473900FBA550 /* Dashboard.swift in Sources */ = {isa = PBXBuildFile; fileRef = B9B909181E69473900FBA550 /* Dashboard.swift */; };
		B9B909231E6962D900FBA550 /* MyAccount.swift in Sources */ = {isa = PBXBuildFile; fileRef = B9B909221E6962D900FBA550 /* MyAccount.swift */; };
		B9CAB8CC1E97006B00F93A07 /* PopupViewController.swift in Sources */ = {isa = PBXBuildFile; fileRef = B9CAB8CB1E97006B00F93A07 /* PopupViewController.swift */; };
		B9CCB1181E6D10D600F87E30 /* MessageController.swift in Sources */ = {isa = PBXBuildFile; fileRef = B9CCB1171E6D10D600F87E30 /* MessageController.swift */; };
		B9CCB11A1E6D1C8800F87E30 /* NewMessageController.swift in Sources */ = {isa = PBXBuildFile; fileRef = B9CCB1191E6D1C8800F87E30 /* NewMessageController.swift */; };
		B9CCB11E1E6D21F400F87E30 /* user.swift in Sources */ = {isa = PBXBuildFile; fileRef = B9CCB11D1E6D21F400F87E30 /* user.swift */; };
		B9F8488B1E57AD9A0085CC03 /* ItemListController.swift in Sources */ = {isa = PBXBuildFile; fileRef = B9F8488A1E57AD9A0085CC03 /* ItemListController.swift */; };
		CFBDEFB2965A5754461380E7 /* Pods_Ketch.framework in Frameworks */ = {isa = PBXBuildFile; fileRef = 340E900FBDC56DF1A09A258B /* Pods_Ketch.framework */; };
		D2B97ECA247CCE34ED7E5EFA /* Pods_KetchTests.framework in Frameworks */ = {isa = PBXBuildFile; fileRef = 6FE388E1F9DB5E9F2CF1C869 /* Pods_KetchTests.framework */; };
		F21951801701D933720D1C92 /* Pods_KetchUITests.framework in Frameworks */ = {isa = PBXBuildFile; fileRef = 5F28A3A1FA0BF49DB3F3A623 /* Pods_KetchUITests.framework */; };
/* End PBXBuildFile section */

/* Begin PBXContainerItemProxy section */
		B963857A1E56E0E00081EB69 /* PBXContainerItemProxy */ = {
			isa = PBXContainerItemProxy;
			containerPortal = B963855B1E56E0DF0081EB69 /* Project object */;
			proxyType = 1;
			remoteGlobalIDString = B96385621E56E0DF0081EB69;
			remoteInfo = Ketch;
		};
		B96385851E56E0E00081EB69 /* PBXContainerItemProxy */ = {
			isa = PBXContainerItemProxy;
			containerPortal = B963855B1E56E0DF0081EB69 /* Project object */;
			proxyType = 1;
			remoteGlobalIDString = B96385621E56E0DF0081EB69;
			remoteInfo = Ketch;
		};
/* End PBXContainerItemProxy section */

/* Begin PBXFileReference section */
		05C566E4C352F44909682BCD /* Pods-KetchTests.release.xcconfig */ = {isa = PBXFileReference; includeInIndex = 1; lastKnownFileType = text.xcconfig; name = "Pods-KetchTests.release.xcconfig"; path = "Pods/Target Support Files/Pods-KetchTests/Pods-KetchTests.release.xcconfig"; sourceTree = "<group>"; };
		1526327E1E74A17E00186369 /* SellingPostController.swift */ = {isa = PBXFileReference; fileEncoding = 4; lastKnownFileType = sourcecode.swift; path = SellingPostController.swift; sourceTree = "<group>"; };
		153062E51E732196001E23DF /* GoogleService-Info.plist */ = {isa = PBXFileReference; fileEncoding = 4; lastKnownFileType = text.plist.xml; path = "GoogleService-Info.plist"; sourceTree = "<group>"; };
		1555EBB31E8A242E001D1C8D /* SellingPostTableController.swift */ = {isa = PBXFileReference; fileEncoding = 4; lastKnownFileType = sourcecode.swift; path = SellingPostTableController.swift; sourceTree = "<group>"; };
		1555EBB51E8A26CA001D1C8D /* Item.swift */ = {isa = PBXFileReference; fileEncoding = 4; lastKnownFileType = sourcecode.swift; path = Item.swift; sourceTree = "<group>"; };
		15A9A96D1E80EFA9006DE688 /* NewItemController.swift */ = {isa = PBXFileReference; fileEncoding = 4; lastKnownFileType = sourcecode.swift; path = NewItemController.swift; sourceTree = "<group>"; };
		1DBF92C31E7A2895B77531FA /* Pods-KetchUITests.release.xcconfig */ = {isa = PBXFileReference; includeInIndex = 1; lastKnownFileType = text.xcconfig; name = "Pods-KetchUITests.release.xcconfig"; path = "Pods/Target Support Files/Pods-KetchUITests/Pods-KetchUITests.release.xcconfig"; sourceTree = "<group>"; };
		2AB954FBD1E0833729D1701C /* Pods-KetchUITests.debug.xcconfig */ = {isa = PBXFileReference; includeInIndex = 1; lastKnownFileType = text.xcconfig; name = "Pods-KetchUITests.debug.xcconfig"; path = "Pods/Target Support Files/Pods-KetchUITests/Pods-KetchUITests.debug.xcconfig"; sourceTree = "<group>"; };
		340E900FBDC56DF1A09A258B /* Pods_Ketch.framework */ = {isa = PBXFileReference; explicitFileType = wrapper.framework; includeInIndex = 0; path = Pods_Ketch.framework; sourceTree = BUILT_PRODUCTS_DIR; };
		5F28A3A1FA0BF49DB3F3A623 /* Pods_KetchUITests.framework */ = {isa = PBXFileReference; explicitFileType = wrapper.framework; includeInIndex = 0; path = Pods_KetchUITests.framework; sourceTree = BUILT_PRODUCTS_DIR; };
		6815679235E82CE53FF9D99F /* Pods-Ketch.release.xcconfig */ = {isa = PBXFileReference; includeInIndex = 1; lastKnownFileType = text.xcconfig; name = "Pods-Ketch.release.xcconfig"; path = "Pods/Target Support Files/Pods-Ketch/Pods-Ketch.release.xcconfig"; sourceTree = "<group>"; };
		6FE388E1F9DB5E9F2CF1C869 /* Pods_KetchTests.framework */ = {isa = PBXFileReference; explicitFileType = wrapper.framework; includeInIndex = 0; path = Pods_KetchTests.framework; sourceTree = BUILT_PRODUCTS_DIR; };
		93CB3A11787DF5E8DBFE41BA /* Pods-Ketch.debug.xcconfig */ = {isa = PBXFileReference; includeInIndex = 1; lastKnownFileType = text.xcconfig; name = "Pods-Ketch.debug.xcconfig"; path = "Pods/Target Support Files/Pods-Ketch/Pods-Ketch.debug.xcconfig"; sourceTree = "<group>"; };
		B924D85E1E98945E008BF92A /* UserRatingController.swift */ = {isa = PBXFileReference; fileEncoding = 4; lastKnownFileType = sourcecode.swift; path = UserRatingController.swift; sourceTree = "<group>"; };
		B9311DAF1E85155300E97547 /* splashScreen.swift */ = {isa = PBXFileReference; fileEncoding = 4; lastKnownFileType = sourcecode.swift; path = splashScreen.swift; sourceTree = "<group>"; };
		B9311DB01E85155300E97547 /* ChatLogController.swift */ = {isa = PBXFileReference; fileEncoding = 4; lastKnownFileType = sourcecode.swift; path = ChatLogController.swift; sourceTree = "<group>"; };
		B9311DB11E85155300E97547 /* ChatMessageCell.swift */ = {isa = PBXFileReference; fileEncoding = 4; lastKnownFileType = sourcecode.swift; path = ChatMessageCell.swift; sourceTree = "<group>"; };
		B9311DB21E85155300E97547 /* UserCell.swift */ = {isa = PBXFileReference; fileEncoding = 4; lastKnownFileType = sourcecode.swift; path = UserCell.swift; sourceTree = "<group>"; };
		B9311DB31E85155300E97547 /* Message.swift */ = {isa = PBXFileReference; fileEncoding = 4; lastKnownFileType = sourcecode.swift; path = Message.swift; sourceTree = "<group>"; };
		B96385631E56E0DF0081EB69 /* Ketch.app */ = {isa = PBXFileReference; explicitFileType = wrapper.application; includeInIndex = 0; path = Ketch.app; sourceTree = BUILT_PRODUCTS_DIR; };
		B96385661E56E0DF0081EB69 /* AppDelegate.swift */ = {isa = PBXFileReference; lastKnownFileType = sourcecode.swift; path = AppDelegate.swift; sourceTree = "<group>"; };
		B963856D1E56E0DF0081EB69 /* Base */ = {isa = PBXFileReference; lastKnownFileType = file.storyboard; name = Base; path = Base.lproj/Main.storyboard; sourceTree = "<group>"; };
		B963856F1E56E0DF0081EB69 /* Assets.xcassets */ = {isa = PBXFileReference; lastKnownFileType = folder.assetcatalog; path = Assets.xcassets; sourceTree = "<group>"; };
		B96385721E56E0DF0081EB69 /* Base */ = {isa = PBXFileReference; lastKnownFileType = file.storyboard; name = Base; path = Base.lproj/LaunchScreen.storyboard; sourceTree = "<group>"; };
		B96385741E56E0DF0081EB69 /* Info.plist */ = {isa = PBXFileReference; lastKnownFileType = text.plist.xml; path = Info.plist; sourceTree = "<group>"; };
		B96385791E56E0E00081EB69 /* KetchTests.xctest */ = {isa = PBXFileReference; explicitFileType = wrapper.cfbundle; includeInIndex = 0; path = KetchTests.xctest; sourceTree = BUILT_PRODUCTS_DIR; };
		B963857D1E56E0E00081EB69 /* KetchTests.swift */ = {isa = PBXFileReference; lastKnownFileType = sourcecode.swift; path = KetchTests.swift; sourceTree = "<group>"; };
		B963857F1E56E0E00081EB69 /* Info.plist */ = {isa = PBXFileReference; lastKnownFileType = text.plist.xml; path = Info.plist; sourceTree = "<group>"; };
		B96385841E56E0E00081EB69 /* KetchUITests.xctest */ = {isa = PBXFileReference; explicitFileType = wrapper.cfbundle; includeInIndex = 0; path = KetchUITests.xctest; sourceTree = BUILT_PRODUCTS_DIR; };
		B96385881E56E0E00081EB69 /* KetchUITests.swift */ = {isa = PBXFileReference; lastKnownFileType = sourcecode.swift; path = KetchUITests.swift; sourceTree = "<group>"; };
		B963858A1E56E0E00081EB69 /* Info.plist */ = {isa = PBXFileReference; lastKnownFileType = text.plist.xml; path = Info.plist; sourceTree = "<group>"; };
		B988BCA11E6412FE0069CF69 /* LoginScreen.swift */ = {isa = PBXFileReference; fileEncoding = 4; lastKnownFileType = sourcecode.swift; path = LoginScreen.swift; sourceTree = "<group>"; };
		B988BCA31E6415580069CF69 /* Ketch.entitlements */ = {isa = PBXFileReference; lastKnownFileType = text.plist.entitlements; path = Ketch.entitlements; sourceTree = "<group>"; };
		B988BCA41E6417A70069CF69 /* Bolts.framework */ = {isa = PBXFileReference; lastKnownFileType = wrapper.framework; name = Bolts.framework; path = "../../../../FacebookSDKs-iOS-4.19.0/Bolts.framework"; sourceTree = "<group>"; };
		B988BCA51E6417A70069CF69 /* FBSDKCoreKit.framework */ = {isa = PBXFileReference; lastKnownFileType = wrapper.framework; name = FBSDKCoreKit.framework; path = "../../../../FacebookSDKs-iOS-4.19.0/FBSDKCoreKit.framework"; sourceTree = "<group>"; };
		B988BCA61E6417A70069CF69 /* FBSDKLoginKit.framework */ = {isa = PBXFileReference; lastKnownFileType = wrapper.framework; name = FBSDKLoginKit.framework; path = "../../../../FacebookSDKs-iOS-4.19.0/FBSDKLoginKit.framework"; sourceTree = "<group>"; };
		B988BCA71E6417A70069CF69 /* FBSDKShareKit.framework */ = {isa = PBXFileReference; lastKnownFileType = wrapper.framework; name = FBSDKShareKit.framework; path = "../../../../FacebookSDKs-iOS-4.19.0/FBSDKShareKit.framework"; sourceTree = "<group>"; };
		B98970DC1E9C694000EDDD23 /* Items.swift */ = {isa = PBXFileReference; fileEncoding = 4; lastKnownFileType = sourcecode.swift; path = Items.swift; sourceTree = "<group>"; };
		B98970DE1E9C6B0800EDDD23 /* ItemCell.swift */ = {isa = PBXFileReference; fileEncoding = 4; lastKnownFileType = sourcecode.swift; path = ItemCell.swift; sourceTree = "<group>"; };
		B9B399171E57AFA00037AA62 /* CollectionViewCell.swift */ = {isa = PBXFileReference; fileEncoding = 4; lastKnownFileType = sourcecode.swift; path = CollectionViewCell.swift; sourceTree = "<group>"; };
		B9B399191E57AFB10037AA62 /* IndividualItemViewController.swift */ = {isa = PBXFileReference; fileEncoding = 4; lastKnownFileType = sourcecode.swift; path = IndividualItemViewController.swift; sourceTree = "<group>"; };
		B9B909181E69473900FBA550 /* Dashboard.swift */ = {isa = PBXFileReference; fileEncoding = 4; lastKnownFileType = sourcecode.swift; path = Dashboard.swift; sourceTree = "<group>"; };
		B9B909221E6962D900FBA550 /* MyAccount.swift */ = {isa = PBXFileReference; fileEncoding = 4; lastKnownFileType = sourcecode.swift; path = MyAccount.swift; sourceTree = "<group>"; };
		B9CAB8CB1E97006B00F93A07 /* PopupViewController.swift */ = {isa = PBXFileReference; fileEncoding = 4; lastKnownFileType = sourcecode.swift; path = PopupViewController.swift; sourceTree = "<group>"; };
		B9CCB1171E6D10D600F87E30 /* MessageController.swift */ = {isa = PBXFileReference; fileEncoding = 4; lastKnownFileType = sourcecode.swift; path = MessageController.swift; sourceTree = "<group>"; };
		B9CCB1191E6D1C8800F87E30 /* NewMessageController.swift */ = {isa = PBXFileReference; fileEncoding = 4; lastKnownFileType = sourcecode.swift; path = NewMessageController.swift; sourceTree = "<group>"; };
		B9CCB11D1E6D21F400F87E30 /* user.swift */ = {isa = PBXFileReference; fileEncoding = 4; lastKnownFileType = sourcecode.swift; path = user.swift; sourceTree = "<group>"; };
		B9F8488A1E57AD9A0085CC03 /* ItemListController.swift */ = {isa = PBXFileReference; fileEncoding = 4; lastKnownFileType = sourcecode.swift; path = ItemListController.swift; sourceTree = "<group>"; };
		DC06A5882FB9727108E690D8 /* Pods-KetchTests.debug.xcconfig */ = {isa = PBXFileReference; includeInIndex = 1; lastKnownFileType = text.xcconfig; name = "Pods-KetchTests.debug.xcconfig"; path = "Pods/Target Support Files/Pods-KetchTests/Pods-KetchTests.debug.xcconfig"; sourceTree = "<group>"; };
/* End PBXFileReference section */

/* Begin PBXFrameworksBuildPhase section */
		B96385601E56E0DF0081EB69 /* Frameworks */ = {
			isa = PBXFrameworksBuildPhase;
			buildActionMask = 2147483647;
			files = (
				B988BCAB1E6417A70069CF69 /* FBSDKShareKit.framework in Frameworks */,
				B988BCA81E6417A70069CF69 /* Bolts.framework in Frameworks */,
				B988BCA91E6417A70069CF69 /* FBSDKCoreKit.framework in Frameworks */,
				B988BCAA1E6417A70069CF69 /* FBSDKLoginKit.framework in Frameworks */,
				CFBDEFB2965A5754461380E7 /* Pods_Ketch.framework in Frameworks */,
			);
			runOnlyForDeploymentPostprocessing = 0;
		};
		B96385761E56E0E00081EB69 /* Frameworks */ = {
			isa = PBXFrameworksBuildPhase;
			buildActionMask = 2147483647;
			files = (
				D2B97ECA247CCE34ED7E5EFA /* Pods_KetchTests.framework in Frameworks */,
			);
			runOnlyForDeploymentPostprocessing = 0;
		};
		B96385811E56E0E00081EB69 /* Frameworks */ = {
			isa = PBXFrameworksBuildPhase;
			buildActionMask = 2147483647;
			files = (
				F21951801701D933720D1C92 /* Pods_KetchUITests.framework in Frameworks */,
			);
			runOnlyForDeploymentPostprocessing = 0;
		};
/* End PBXFrameworksBuildPhase section */

/* Begin PBXGroup section */
		B8C83B58834F05642A791441 /* Frameworks */ = {
			isa = PBXGroup;
			children = (
				B988BCA41E6417A70069CF69 /* Bolts.framework */,
				B988BCA51E6417A70069CF69 /* FBSDKCoreKit.framework */,
				B988BCA61E6417A70069CF69 /* FBSDKLoginKit.framework */,
				B988BCA71E6417A70069CF69 /* FBSDKShareKit.framework */,
				340E900FBDC56DF1A09A258B /* Pods_Ketch.framework */,
				6FE388E1F9DB5E9F2CF1C869 /* Pods_KetchTests.framework */,
				5F28A3A1FA0BF49DB3F3A623 /* Pods_KetchUITests.framework */,
			);
			name = Frameworks;
			sourceTree = "<group>";
		};
		B93D15ED1E8B43FA008F5A7B /* view */ = {
			isa = PBXGroup;
			children = (
				B9311DB11E85155300E97547 /* ChatMessageCell.swift */,
				B9311DB21E85155300E97547 /* UserCell.swift */,
				B98970DE1E9C6B0800EDDD23 /* ItemCell.swift */,
			);
			name = view;
			sourceTree = "<group>";
		};
		B963855A1E56E0DF0081EB69 = {
			isa = PBXGroup;
			children = (
				B96385651E56E0DF0081EB69 /* Ketch */,
				B963857C1E56E0E00081EB69 /* KetchTests */,
				B96385871E56E0E00081EB69 /* KetchUITests */,
				B96385641E56E0DF0081EB69 /* Products */,
				B8C83B58834F05642A791441 /* Frameworks */,
				E24200C6EE732A9DCBB46D14 /* Pods */,
			);
			sourceTree = "<group>";
		};
		B96385641E56E0DF0081EB69 /* Products */ = {
			isa = PBXGroup;
			children = (
				B96385631E56E0DF0081EB69 /* Ketch.app */,
				B96385791E56E0E00081EB69 /* KetchTests.xctest */,
				B96385841E56E0E00081EB69 /* KetchUITests.xctest */,
			);
			name = Products;
			sourceTree = "<group>";
		};
		B96385651E56E0DF0081EB69 /* Ketch */ = {
			isa = PBXGroup;
			children = (
				B9CCB11C1E6D21DF00F87E30 /* model */,
				B93D15ED1E8B43FA008F5A7B /* view */,
				B96385661E56E0DF0081EB69 /* AppDelegate.swift */,
				B9B399171E57AFA00037AA62 /* CollectionViewCell.swift */,
				B9311DB01E85155300E97547 /* ChatLogController.swift */,
				B9B909181E69473900FBA550 /* Dashboard.swift */,
				B9B399191E57AFB10037AA62 /* IndividualItemViewController.swift */,
				B9F8488A1E57AD9A0085CC03 /* ItemListController.swift */,
				B988BCA11E6412FE0069CF69 /* LoginScreen.swift */,
				B9CCB1171E6D10D600F87E30 /* MessageController.swift */,
				B9B909221E6962D900FBA550 /* MyAccount.swift */,
				15A9A96D1E80EFA9006DE688 /* NewItemController.swift */,
				B9CCB1191E6D1C8800F87E30 /* NewMessageController.swift */,
				1526327E1E74A17E00186369 /* SellingPostController.swift */,
				1555EBB31E8A242E001D1C8D /* SellingPostTableController.swift */,
				B9311DAF1E85155300E97547 /* splashScreen.swift */,
				B9CAB8CB1E97006B00F93A07 /* PopupViewController.swift */,
				B963856C1E56E0DF0081EB69 /* Main.storyboard */,
				B924D85E1E98945E008BF92A /* UserRatingController.swift */,
				B96385711E56E0DF0081EB69 /* LaunchScreen.storyboard */,
				B963856F1E56E0DF0081EB69 /* Assets.xcassets */,
				B988BCA31E6415580069CF69 /* Ketch.entitlements */,
				B96385741E56E0DF0081EB69 /* Info.plist */,
				153062E51E732196001E23DF /* GoogleService-Info.plist */,
			);
			path = Ketch;
			sourceTree = "<group>";
		};
		B963857C1E56E0E00081EB69 /* KetchTests */ = {
			isa = PBXGroup;
			children = (
				B963857D1E56E0E00081EB69 /* KetchTests.swift */,
				B963857F1E56E0E00081EB69 /* Info.plist */,
			);
			path = KetchTests;
			sourceTree = "<group>";
		};
		B96385871E56E0E00081EB69 /* KetchUITests */ = {
			isa = PBXGroup;
			children = (
				B96385881E56E0E00081EB69 /* KetchUITests.swift */,
				B963858A1E56E0E00081EB69 /* Info.plist */,
			);
			path = KetchUITests;
			sourceTree = "<group>";
		};
		B9CCB11C1E6D21DF00F87E30 /* model */ = {
			isa = PBXGroup;
			children = (
				B9311DB31E85155300E97547 /* Message.swift */,
				B9CCB11D1E6D21F400F87E30 /* user.swift */,
				1555EBB51E8A26CA001D1C8D /* Item.swift */,
				B98970DC1E9C694000EDDD23 /* Items.swift */,
			);
			name = model;
			sourceTree = "<group>";
		};
		E24200C6EE732A9DCBB46D14 /* Pods */ = {
			isa = PBXGroup;
			children = (
				93CB3A11787DF5E8DBFE41BA /* Pods-Ketch.debug.xcconfig */,
				6815679235E82CE53FF9D99F /* Pods-Ketch.release.xcconfig */,
				DC06A5882FB9727108E690D8 /* Pods-KetchTests.debug.xcconfig */,
				05C566E4C352F44909682BCD /* Pods-KetchTests.release.xcconfig */,
				2AB954FBD1E0833729D1701C /* Pods-KetchUITests.debug.xcconfig */,
				1DBF92C31E7A2895B77531FA /* Pods-KetchUITests.release.xcconfig */,
			);
			name = Pods;
			sourceTree = "<group>";
		};
/* End PBXGroup section */

/* Begin PBXNativeTarget section */
		B96385621E56E0DF0081EB69 /* Ketch */ = {
			isa = PBXNativeTarget;
			buildConfigurationList = B963858D1E56E0E00081EB69 /* Build configuration list for PBXNativeTarget "Ketch" */;
			buildPhases = (
				BE8BB8709E25BF02F7E4B686 /* [CP] Check Pods Manifest.lock */,
				B963855F1E56E0DF0081EB69 /* Sources */,
				B96385601E56E0DF0081EB69 /* Frameworks */,
				B96385611E56E0DF0081EB69 /* Resources */,
				348409D563EFC39F5912241A /* [CP] Embed Pods Frameworks */,
				D8321E51D10ACEE1053F638C /* [CP] Copy Pods Resources */,
			);
			buildRules = (
			);
			dependencies = (
			);
			name = Ketch;
			productName = Ketch;
			productReference = B96385631E56E0DF0081EB69 /* Ketch.app */;
			productType = "com.apple.product-type.application";
		};
		B96385781E56E0E00081EB69 /* KetchTests */ = {
			isa = PBXNativeTarget;
			buildConfigurationList = B96385901E56E0E00081EB69 /* Build configuration list for PBXNativeTarget "KetchTests" */;
			buildPhases = (
				02F4704CC4778F422B86E272 /* [CP] Check Pods Manifest.lock */,
				B96385751E56E0E00081EB69 /* Sources */,
				B96385761E56E0E00081EB69 /* Frameworks */,
				B96385771E56E0E00081EB69 /* Resources */,
				15F7579E4C45B0F073C14F60 /* [CP] Embed Pods Frameworks */,
				0942F6167DBFD531BE62F493 /* [CP] Copy Pods Resources */,
			);
			buildRules = (
			);
			dependencies = (
				B963857B1E56E0E00081EB69 /* PBXTargetDependency */,
			);
			name = KetchTests;
			productName = KetchTests;
			productReference = B96385791E56E0E00081EB69 /* KetchTests.xctest */;
			productType = "com.apple.product-type.bundle.unit-test";
		};
		B96385831E56E0E00081EB69 /* KetchUITests */ = {
			isa = PBXNativeTarget;
			buildConfigurationList = B96385931E56E0E00081EB69 /* Build configuration list for PBXNativeTarget "KetchUITests" */;
			buildPhases = (
				300CBA6D26E568E3585A031C /* [CP] Check Pods Manifest.lock */,
				B96385801E56E0E00081EB69 /* Sources */,
				B96385811E56E0E00081EB69 /* Frameworks */,
				B96385821E56E0E00081EB69 /* Resources */,
				AD7962AE7BE5C054C1632E94 /* [CP] Embed Pods Frameworks */,
				76D71F9451162EF6260204A9 /* [CP] Copy Pods Resources */,
			);
			buildRules = (
			);
			dependencies = (
				B96385861E56E0E00081EB69 /* PBXTargetDependency */,
			);
			name = KetchUITests;
			productName = KetchUITests;
			productReference = B96385841E56E0E00081EB69 /* KetchUITests.xctest */;
			productType = "com.apple.product-type.bundle.ui-testing";
		};
/* End PBXNativeTarget section */

/* Begin PBXProject section */
		B963855B1E56E0DF0081EB69 /* Project object */ = {
			isa = PBXProject;
			attributes = {
				LastSwiftUpdateCheck = 0820;
				LastUpgradeCheck = 0820;
				ORGANIZATIONNAME = butlerproject;
				TargetAttributes = {
					B96385621E56E0DF0081EB69 = {
						CreatedOnToolsVersion = 8.2.1;
						DevelopmentTeam = 43NXCQ9V3P;
						ProvisioningStyle = Automatic;
						SystemCapabilities = {
							com.apple.Keychain = {
								enabled = 1;
							};
						};
					};
					B96385781E56E0E00081EB69 = {
						CreatedOnToolsVersion = 8.2.1;
						DevelopmentTeam = 43NXCQ9V3P;
						ProvisioningStyle = Automatic;
						TestTargetID = B96385621E56E0DF0081EB69;
					};
					B96385831E56E0E00081EB69 = {
						CreatedOnToolsVersion = 8.2.1;
						DevelopmentTeam = 43NXCQ9V3P;
						ProvisioningStyle = Automatic;
						TestTargetID = B96385621E56E0DF0081EB69;
					};
				};
			};
			buildConfigurationList = B963855E1E56E0DF0081EB69 /* Build configuration list for PBXProject "Ketch" */;
			compatibilityVersion = "Xcode 3.2";
			developmentRegion = English;
			hasScannedForEncodings = 0;
			knownRegions = (
				en,
				Base,
			);
			mainGroup = B963855A1E56E0DF0081EB69;
			productRefGroup = B96385641E56E0DF0081EB69 /* Products */;
			projectDirPath = "";
			projectRoot = "";
			targets = (
				B96385621E56E0DF0081EB69 /* Ketch */,
				B96385781E56E0E00081EB69 /* KetchTests */,
				B96385831E56E0E00081EB69 /* KetchUITests */,
			);
		};
/* End PBXProject section */

/* Begin PBXResourcesBuildPhase section */
		B96385611E56E0DF0081EB69 /* Resources */ = {
			isa = PBXResourcesBuildPhase;
			buildActionMask = 2147483647;
			files = (
				B96385731E56E0DF0081EB69 /* LaunchScreen.storyboard in Resources */,
				B96385701E56E0DF0081EB69 /* Assets.xcassets in Resources */,
				153062E61E732196001E23DF /* GoogleService-Info.plist in Resources */,
				B963856E1E56E0DF0081EB69 /* Main.storyboard in Resources */,
			);
			runOnlyForDeploymentPostprocessing = 0;
		};
		B96385771E56E0E00081EB69 /* Resources */ = {
			isa = PBXResourcesBuildPhase;
			buildActionMask = 2147483647;
			files = (
			);
			runOnlyForDeploymentPostprocessing = 0;
		};
		B96385821E56E0E00081EB69 /* Resources */ = {
			isa = PBXResourcesBuildPhase;
			buildActionMask = 2147483647;
			files = (
			);
			runOnlyForDeploymentPostprocessing = 0;
		};
/* End PBXResourcesBuildPhase section */

/* Begin PBXShellScriptBuildPhase section */
		02F4704CC4778F422B86E272 /* [CP] Check Pods Manifest.lock */ = {
			isa = PBXShellScriptBuildPhase;
			buildActionMask = 2147483647;
			files = (
			);
			inputPaths = (
			);
			name = "[CP] Check Pods Manifest.lock";
			outputPaths = (
			);
			runOnlyForDeploymentPostprocessing = 0;
			shellPath = /bin/sh;
			shellScript = "diff \"${PODS_ROOT}/../Podfile.lock\" \"${PODS_ROOT}/Manifest.lock\" > /dev/null\nif [ $? != 0 ] ; then\n    # print error to STDERR\n    echo \"error: The sandbox is not in sync with the Podfile.lock. Run 'pod install' or update your CocoaPods installation.\" >&2\n    exit 1\nfi\n";
			showEnvVarsInLog = 0;
		};
		0942F6167DBFD531BE62F493 /* [CP] Copy Pods Resources */ = {
			isa = PBXShellScriptBuildPhase;
			buildActionMask = 2147483647;
			files = (
			);
			inputPaths = (
			);
			name = "[CP] Copy Pods Resources";
			outputPaths = (
			);
			runOnlyForDeploymentPostprocessing = 0;
			shellPath = /bin/sh;
			shellScript = "\"${SRCROOT}/Pods/Target Support Files/Pods-KetchTests/Pods-KetchTests-resources.sh\"\n";
			showEnvVarsInLog = 0;
		};
		15F7579E4C45B0F073C14F60 /* [CP] Embed Pods Frameworks */ = {
			isa = PBXShellScriptBuildPhase;
			buildActionMask = 2147483647;
			files = (
			);
			inputPaths = (
			);
			name = "[CP] Embed Pods Frameworks";
			outputPaths = (
			);
			runOnlyForDeploymentPostprocessing = 0;
			shellPath = /bin/sh;
			shellScript = "\"${SRCROOT}/Pods/Target Support Files/Pods-KetchTests/Pods-KetchTests-frameworks.sh\"\n";
			showEnvVarsInLog = 0;
		};
		300CBA6D26E568E3585A031C /* [CP] Check Pods Manifest.lock */ = {
			isa = PBXShellScriptBuildPhase;
			buildActionMask = 2147483647;
			files = (
			);
			inputPaths = (
			);
			name = "[CP] Check Pods Manifest.lock";
			outputPaths = (
			);
			runOnlyForDeploymentPostprocessing = 0;
			shellPath = /bin/sh;
			shellScript = "diff \"${PODS_ROOT}/../Podfile.lock\" \"${PODS_ROOT}/Manifest.lock\" > /dev/null\nif [ $? != 0 ] ; then\n    # print error to STDERR\n    echo \"error: The sandbox is not in sync with the Podfile.lock. Run 'pod install' or update your CocoaPods installation.\" >&2\n    exit 1\nfi\n";
			showEnvVarsInLog = 0;
		};
		348409D563EFC39F5912241A /* [CP] Embed Pods Frameworks */ = {
			isa = PBXShellScriptBuildPhase;
			buildActionMask = 2147483647;
			files = (
			);
			inputPaths = (
			);
			name = "[CP] Embed Pods Frameworks";
			outputPaths = (
			);
			runOnlyForDeploymentPostprocessing = 0;
			shellPath = /bin/sh;
			shellScript = "\"${SRCROOT}/Pods/Target Support Files/Pods-Ketch/Pods-Ketch-frameworks.sh\"\n";
			showEnvVarsInLog = 0;
		};
		76D71F9451162EF6260204A9 /* [CP] Copy Pods Resources */ = {
			isa = PBXShellScriptBuildPhase;
			buildActionMask = 2147483647;
			files = (
			);
			inputPaths = (
			);
			name = "[CP] Copy Pods Resources";
			outputPaths = (
			);
			runOnlyForDeploymentPostprocessing = 0;
			shellPath = /bin/sh;
			shellScript = "\"${SRCROOT}/Pods/Target Support Files/Pods-KetchUITests/Pods-KetchUITests-resources.sh\"\n";
			showEnvVarsInLog = 0;
		};
		AD7962AE7BE5C054C1632E94 /* [CP] Embed Pods Frameworks */ = {
			isa = PBXShellScriptBuildPhase;
			buildActionMask = 2147483647;
			files = (
			);
			inputPaths = (
			);
			name = "[CP] Embed Pods Frameworks";
			outputPaths = (
			);
			runOnlyForDeploymentPostprocessing = 0;
			shellPath = /bin/sh;
			shellScript = "\"${SRCROOT}/Pods/Target Support Files/Pods-KetchUITests/Pods-KetchUITests-frameworks.sh\"\n";
			showEnvVarsInLog = 0;
		};
		BE8BB8709E25BF02F7E4B686 /* [CP] Check Pods Manifest.lock */ = {
			isa = PBXShellScriptBuildPhase;
			buildActionMask = 2147483647;
			files = (
			);
			inputPaths = (
			);
			name = "[CP] Check Pods Manifest.lock";
			outputPaths = (
			);
			runOnlyForDeploymentPostprocessing = 0;
			shellPath = /bin/sh;
			shellScript = "diff \"${PODS_ROOT}/../Podfile.lock\" \"${PODS_ROOT}/Manifest.lock\" > /dev/null\nif [ $? != 0 ] ; then\n    # print error to STDERR\n    echo \"error: The sandbox is not in sync with the Podfile.lock. Run 'pod install' or update your CocoaPods installation.\" >&2\n    exit 1\nfi\n";
			showEnvVarsInLog = 0;
		};
		D8321E51D10ACEE1053F638C /* [CP] Copy Pods Resources */ = {
			isa = PBXShellScriptBuildPhase;
			buildActionMask = 2147483647;
			files = (
			);
			inputPaths = (
			);
			name = "[CP] Copy Pods Resources";
			outputPaths = (
			);
			runOnlyForDeploymentPostprocessing = 0;
			shellPath = /bin/sh;
			shellScript = "\"${SRCROOT}/Pods/Target Support Files/Pods-Ketch/Pods-Ketch-resources.sh\"\n";
			showEnvVarsInLog = 0;
		};
/* End PBXShellScriptBuildPhase section */

/* Begin PBXSourcesBuildPhase section */
		B963855F1E56E0DF0081EB69 /* Sources */ = {
			isa = PBXSourcesBuildPhase;
			buildActionMask = 2147483647;
			files = (
				B9CCB11E1E6D21F400F87E30 /* user.swift in Sources */,
				15A9A96E1E80EFA9006DE688 /* NewItemController.swift in Sources */,
				1555EBB41E8A242E001D1C8D /* SellingPostTableController.swift in Sources */,
				B9B399181E57AFA00037AA62 /* CollectionViewCell.swift in Sources */,
				B9311DB81E85155300E97547 /* Message.swift in Sources */,
				B96385671E56E0DF0081EB69 /* AppDelegate.swift in Sources */,
				B924D85F1E98945E008BF92A /* UserRatingController.swift in Sources */,
				B9311DB41E85155300E97547 /* splashScreen.swift in Sources */,
				1526327F1E74A17E00186369 /* SellingPostController.swift in Sources */,
				B9311DB61E85155300E97547 /* ChatMessageCell.swift in Sources */,
				B9B909191E69473900FBA550 /* Dashboard.swift in Sources */,
				B9311DB71E85155300E97547 /* UserCell.swift in Sources */,
				B9CCB1181E6D10D600F87E30 /* MessageController.swift in Sources */,
				B9B3991A1E57AFB10037AA62 /* IndividualItemViewController.swift in Sources */,
				B9B909231E6962D900FBA550 /* MyAccount.swift in Sources */,
				B98970DF1E9C6B0800EDDD23 /* ItemCell.swift in Sources */,
				1555EBB61E8A26CA001D1C8D /* Item.swift in Sources */,
				B98970DD1E9C694000EDDD23 /* Items.swift in Sources */,
				B9CAB8CC1E97006B00F93A07 /* PopupViewController.swift in Sources */,
				B9311DB51E85155300E97547 /* ChatLogController.swift in Sources */,
				B988BCA21E6412FE0069CF69 /* LoginScreen.swift in Sources */,
				B9F8488B1E57AD9A0085CC03 /* ItemListController.swift in Sources */,
				B9CCB11A1E6D1C8800F87E30 /* NewMessageController.swift in Sources */,
			);
			runOnlyForDeploymentPostprocessing = 0;
		};
		B96385751E56E0E00081EB69 /* Sources */ = {
			isa = PBXSourcesBuildPhase;
			buildActionMask = 2147483647;
			files = (
				B963857E1E56E0E00081EB69 /* KetchTests.swift in Sources */,
			);
			runOnlyForDeploymentPostprocessing = 0;
		};
		B96385801E56E0E00081EB69 /* Sources */ = {
			isa = PBXSourcesBuildPhase;
			buildActionMask = 2147483647;
			files = (
				B96385891E56E0E00081EB69 /* KetchUITests.swift in Sources */,
			);
			runOnlyForDeploymentPostprocessing = 0;
		};
/* End PBXSourcesBuildPhase section */

/* Begin PBXTargetDependency section */
		B963857B1E56E0E00081EB69 /* PBXTargetDependency */ = {
			isa = PBXTargetDependency;
			target = B96385621E56E0DF0081EB69 /* Ketch */;
			targetProxy = B963857A1E56E0E00081EB69 /* PBXContainerItemProxy */;
		};
		B96385861E56E0E00081EB69 /* PBXTargetDependency */ = {
			isa = PBXTargetDependency;
			target = B96385621E56E0DF0081EB69 /* Ketch */;
			targetProxy = B96385851E56E0E00081EB69 /* PBXContainerItemProxy */;
		};
/* End PBXTargetDependency section */

/* Begin PBXVariantGroup section */
		B963856C1E56E0DF0081EB69 /* Main.storyboard */ = {
			isa = PBXVariantGroup;
			children = (
				B963856D1E56E0DF0081EB69 /* Base */,
			);
			name = Main.storyboard;
			sourceTree = "<group>";
		};
		B96385711E56E0DF0081EB69 /* LaunchScreen.storyboard */ = {
			isa = PBXVariantGroup;
			children = (
				B96385721E56E0DF0081EB69 /* Base */,
			);
			name = LaunchScreen.storyboard;
			sourceTree = "<group>";
		};
/* End PBXVariantGroup section */

/* Begin XCBuildConfiguration section */
		B963858B1E56E0E00081EB69 /* Debug */ = {
			isa = XCBuildConfiguration;
			buildSettings = {
				ALWAYS_SEARCH_USER_PATHS = NO;
				CLANG_ANALYZER_NONNULL = YES;
				CLANG_CXX_LANGUAGE_STANDARD = "gnu++0x";
				CLANG_CXX_LIBRARY = "libc++";
				CLANG_ENABLE_MODULES = YES;
				CLANG_ENABLE_OBJC_ARC = YES;
				CLANG_WARN_BOOL_CONVERSION = YES;
				CLANG_WARN_CONSTANT_CONVERSION = YES;
				CLANG_WARN_DIRECT_OBJC_ISA_USAGE = YES_ERROR;
				CLANG_WARN_DOCUMENTATION_COMMENTS = YES;
				CLANG_WARN_EMPTY_BODY = YES;
				CLANG_WARN_ENUM_CONVERSION = YES;
				CLANG_WARN_INFINITE_RECURSION = YES;
				CLANG_WARN_INT_CONVERSION = YES;
				CLANG_WARN_OBJC_ROOT_CLASS = YES_ERROR;
				CLANG_WARN_SUSPICIOUS_MOVE = YES;
				CLANG_WARN_UNREACHABLE_CODE = YES;
				CLANG_WARN__DUPLICATE_METHOD_MATCH = YES;
				"CODE_SIGN_IDENTITY[sdk=iphoneos*]" = "iPhone Developer";
				COPY_PHASE_STRIP = NO;
				DEBUG_INFORMATION_FORMAT = dwarf;
				ENABLE_STRICT_OBJC_MSGSEND = YES;
				ENABLE_TESTABILITY = YES;
				GCC_C_LANGUAGE_STANDARD = gnu99;
				GCC_DYNAMIC_NO_PIC = NO;
				GCC_NO_COMMON_BLOCKS = YES;
				GCC_OPTIMIZATION_LEVEL = 0;
				GCC_PREPROCESSOR_DEFINITIONS = (
					"DEBUG=1",
					"$(inherited)",
				);
				GCC_WARN_64_TO_32_BIT_CONVERSION = YES;
				GCC_WARN_ABOUT_RETURN_TYPE = YES_ERROR;
				GCC_WARN_UNDECLARED_SELECTOR = YES;
				GCC_WARN_UNINITIALIZED_AUTOS = YES_AGGRESSIVE;
				GCC_WARN_UNUSED_FUNCTION = YES;
				GCC_WARN_UNUSED_VARIABLE = YES;
				IPHONEOS_DEPLOYMENT_TARGET = 10.2;
				MTL_ENABLE_DEBUG_INFO = YES;
				ONLY_ACTIVE_ARCH = YES;
				SDKROOT = iphoneos;
				SWIFT_ACTIVE_COMPILATION_CONDITIONS = DEBUG;
				SWIFT_OPTIMIZATION_LEVEL = "-Onone";
			};
			name = Debug;
		};
		B963858C1E56E0E00081EB69 /* Release */ = {
			isa = XCBuildConfiguration;
			buildSettings = {
				ALWAYS_SEARCH_USER_PATHS = NO;
				CLANG_ANALYZER_NONNULL = YES;
				CLANG_CXX_LANGUAGE_STANDARD = "gnu++0x";
				CLANG_CXX_LIBRARY = "libc++";
				CLANG_ENABLE_MODULES = YES;
				CLANG_ENABLE_OBJC_ARC = YES;
				CLANG_WARN_BOOL_CONVERSION = YES;
				CLANG_WARN_CONSTANT_CONVERSION = YES;
				CLANG_WARN_DIRECT_OBJC_ISA_USAGE = YES_ERROR;
				CLANG_WARN_DOCUMENTATION_COMMENTS = YES;
				CLANG_WARN_EMPTY_BODY = YES;
				CLANG_WARN_ENUM_CONVERSION = YES;
				CLANG_WARN_INFINITE_RECURSION = YES;
				CLANG_WARN_INT_CONVERSION = YES;
				CLANG_WARN_OBJC_ROOT_CLASS = YES_ERROR;
				CLANG_WARN_SUSPICIOUS_MOVE = YES;
				CLANG_WARN_UNREACHABLE_CODE = YES;
				CLANG_WARN__DUPLICATE_METHOD_MATCH = YES;
				"CODE_SIGN_IDENTITY[sdk=iphoneos*]" = "iPhone Developer";
				COPY_PHASE_STRIP = NO;
				DEBUG_INFORMATION_FORMAT = "dwarf-with-dsym";
				ENABLE_NS_ASSERTIONS = NO;
				ENABLE_STRICT_OBJC_MSGSEND = YES;
				GCC_C_LANGUAGE_STANDARD = gnu99;
				GCC_NO_COMMON_BLOCKS = YES;
				GCC_WARN_64_TO_32_BIT_CONVERSION = YES;
				GCC_WARN_ABOUT_RETURN_TYPE = YES_ERROR;
				GCC_WARN_UNDECLARED_SELECTOR = YES;
				GCC_WARN_UNINITIALIZED_AUTOS = YES_AGGRESSIVE;
				GCC_WARN_UNUSED_FUNCTION = YES;
				GCC_WARN_UNUSED_VARIABLE = YES;
				IPHONEOS_DEPLOYMENT_TARGET = 10.2;
				MTL_ENABLE_DEBUG_INFO = NO;
				SDKROOT = iphoneos;
				SWIFT_OPTIMIZATION_LEVEL = "-Owholemodule";
				VALIDATE_PRODUCT = YES;
			};
			name = Release;
		};
		B963858E1E56E0E00081EB69 /* Debug */ = {
			isa = XCBuildConfiguration;
			baseConfigurationReference = 93CB3A11787DF5E8DBFE41BA /* Pods-Ketch.debug.xcconfig */;
			buildSettings = {
				ASSETCATALOG_COMPILER_APPICON_NAME = AppIcon;
				CODE_SIGN_ENTITLEMENTS = Ketch/Ketch.entitlements;
				DEVELOPMENT_TEAM = 43NXCQ9V3P;
				FRAMEWORK_SEARCH_PATHS = (
					"$(inherited)",
					"$(PROJECT_DIR)",
					"~/Documents/FacebookSDK",
				);
				INFOPLIST_FILE = Ketch/Info.plist;
				LD_RUNPATH_SEARCH_PATHS = "$(inherited) @executable_path/Frameworks";
				PRODUCT_BUNDLE_IDENTIFIER = com.butlerproject.Ketch;
				PRODUCT_NAME = "$(TARGET_NAME)";
				SWIFT_VERSION = 3.0;
			};
			name = Debug;
		};
		B963858F1E56E0E00081EB69 /* Release */ = {
			isa = XCBuildConfiguration;
			baseConfigurationReference = 6815679235E82CE53FF9D99F /* Pods-Ketch.release.xcconfig */;
			buildSettings = {
				ASSETCATALOG_COMPILER_APPICON_NAME = AppIcon;
				CODE_SIGN_ENTITLEMENTS = Ketch/Ketch.entitlements;
				DEVELOPMENT_TEAM = 43NXCQ9V3P;
				FRAMEWORK_SEARCH_PATHS = (
					"$(inherited)",
					"$(PROJECT_DIR)",
					"~/Documents/FacebookSDK",
				);
				INFOPLIST_FILE = Ketch/Info.plist;
				LD_RUNPATH_SEARCH_PATHS = "$(inherited) @executable_path/Frameworks";
				PRODUCT_BUNDLE_IDENTIFIER = com.butlerproject.Ketch;
				PRODUCT_NAME = "$(TARGET_NAME)";
				SWIFT_VERSION = 3.0;
			};
			name = Release;
		};
		B96385911E56E0E00081EB69 /* Debug */ = {
			isa = XCBuildConfiguration;
			baseConfigurationReference = DC06A5882FB9727108E690D8 /* Pods-KetchTests.debug.xcconfig */;
			buildSettings = {
				ALWAYS_EMBED_SWIFT_STANDARD_LIBRARIES = YES;
				BUNDLE_LOADER = "$(TEST_HOST)";
				DEVELOPMENT_TEAM = 43NXCQ9V3P;
				EMBED_ASSET_PACKS_IN_PRODUCT_BUNDLE = YES;
				INFOPLIST_FILE = KetchTests/Info.plist;
				LD_RUNPATH_SEARCH_PATHS = "$(inherited) @executable_path/Frameworks @loader_path/Frameworks";
				PRODUCT_BUNDLE_IDENTIFIER = com.butlerproject.KetchTests;
				PRODUCT_NAME = "$(TARGET_NAME)";
				SWIFT_VERSION = 3.0;
				TEST_HOST = "$(BUILT_PRODUCTS_DIR)/Ketch.app/Ketch";
			};
			name = Debug;
		};
		B96385921E56E0E00081EB69 /* Release */ = {
			isa = XCBuildConfiguration;
			baseConfigurationReference = 05C566E4C352F44909682BCD /* Pods-KetchTests.release.xcconfig */;
			buildSettings = {
				ALWAYS_EMBED_SWIFT_STANDARD_LIBRARIES = YES;
				BUNDLE_LOADER = "$(TEST_HOST)";
				DEVELOPMENT_TEAM = 43NXCQ9V3P;
				EMBED_ASSET_PACKS_IN_PRODUCT_BUNDLE = YES;
				INFOPLIST_FILE = KetchTests/Info.plist;
				LD_RUNPATH_SEARCH_PATHS = "$(inherited) @executable_path/Frameworks @loader_path/Frameworks";
				PRODUCT_BUNDLE_IDENTIFIER = com.butlerproject.KetchTests;
				PRODUCT_NAME = "$(TARGET_NAME)";
				SWIFT_VERSION = 3.0;
				TEST_HOST = "$(BUILT_PRODUCTS_DIR)/Ketch.app/Ketch";
			};
			name = Release;
		};
		B96385941E56E0E00081EB69 /* Debug */ = {
			isa = XCBuildConfiguration;
			baseConfigurationReference = 2AB954FBD1E0833729D1701C /* Pods-KetchUITests.debug.xcconfig */;
			buildSettings = {
				ALWAYS_EMBED_SWIFT_STANDARD_LIBRARIES = YES;
				DEVELOPMENT_TEAM = 43NXCQ9V3P;
				INFOPLIST_FILE = KetchUITests/Info.plist;
				LD_RUNPATH_SEARCH_PATHS = "$(inherited) @executable_path/Frameworks @loader_path/Frameworks";
				PRODUCT_BUNDLE_IDENTIFIER = com.butlerproject.KetchUITests;
				PRODUCT_NAME = "$(TARGET_NAME)";
				SWIFT_VERSION = 3.0;
				TEST_TARGET_NAME = Ketch;
			};
			name = Debug;
		};
		B96385951E56E0E00081EB69 /* Release */ = {
			isa = XCBuildConfiguration;
			baseConfigurationReference = 1DBF92C31E7A2895B77531FA /* Pods-KetchUITests.release.xcconfig */;
			buildSettings = {
				ALWAYS_EMBED_SWIFT_STANDARD_LIBRARIES = YES;
				DEVELOPMENT_TEAM = 43NXCQ9V3P;
				INFOPLIST_FILE = KetchUITests/Info.plist;
				LD_RUNPATH_SEARCH_PATHS = "$(inherited) @executable_path/Frameworks @loader_path/Frameworks";
				PRODUCT_BUNDLE_IDENTIFIER = com.butlerproject.KetchUITests;
				PRODUCT_NAME = "$(TARGET_NAME)";
				SWIFT_VERSION = 3.0;
				TEST_TARGET_NAME = Ketch;
			};
			name = Release;
		};
/* End XCBuildConfiguration section */

/* Begin XCConfigurationList section */
		B963855E1E56E0DF0081EB69 /* Build configuration list for PBXProject "Ketch" */ = {
			isa = XCConfigurationList;
			buildConfigurations = (
				B963858B1E56E0E00081EB69 /* Debug */,
				B963858C1E56E0E00081EB69 /* Release */,
			);
			defaultConfigurationIsVisible = 0;
			defaultConfigurationName = Release;
		};
		B963858D1E56E0E00081EB69 /* Build configuration list for PBXNativeTarget "Ketch" */ = {
			isa = XCConfigurationList;
			buildConfigurations = (
				B963858E1E56E0E00081EB69 /* Debug */,
				B963858F1E56E0E00081EB69 /* Release */,
			);
			defaultConfigurationIsVisible = 0;
			defaultConfigurationName = Release;
		};
		B96385901E56E0E00081EB69 /* Build configuration list for PBXNativeTarget "KetchTests" */ = {
			isa = XCConfigurationList;
			buildConfigurations = (
				B96385911E56E0E00081EB69 /* Debug */,
				B96385921E56E0E00081EB69 /* Release */,
			);
			defaultConfigurationIsVisible = 0;
			defaultConfigurationName = Release;
		};
		B96385931E56E0E00081EB69 /* Build configuration list for PBXNativeTarget "KetchUITests" */ = {
			isa = XCConfigurationList;
			buildConfigurations = (
				B96385941E56E0E00081EB69 /* Debug */,
				B96385951E56E0E00081EB69 /* Release */,
			);
			defaultConfigurationIsVisible = 0;
			defaultConfigurationName = Release;
		};
/* End XCConfigurationList section */
	};
	rootObject = B963855B1E56E0DF0081EB69 /* Project object */;
}
